
Microsoft Visual Studio Solution File, Format Version 12.00
# Visual Studio Version 17
VisualStudioVersion = 17.8.34316.72
MinimumVisualStudioVersion = 10.0.40219.1
Project("{FAE04EC0-301F-11D3-BF4B-00C04F79EFBC}") = "SudokuSolver", "SudokuSolver\SudokuSolver.csproj", "{44602520-EE3F-4470-A452-D2821BD3F5D2}"
EndProject
Project("{FAE04EC0-301F-11D3-BF4B-00C04F79EFBC}") = "SudokuSolverTests", "Tests\SudokuSolverTests\SudokuSolverTests.csproj", "{816C087A-16E0-40FE-97D6-4AAD151841B4}"
EndProject
Project("{FAE04EC0-301F-11D3-BF4B-00C04F79EFBC}") = "Sudoku", "Sudoku\Sudoku.csproj", "{6EE1E727-5A7A-41F5-8650-F1A93D83927F}"
EndProject
Global
	GlobalSection(SolutionConfigurationPlatforms) = preSolution
		Debug|Any CPU = Debug|Any CPU
		Release|Any CPU = Release|Any CPU
	EndGlobalSection
	GlobalSection(ProjectConfigurationPlatforms) = postSolution
		{44602520-EE3F-4470-A452-D2821BD3F5D2}.Debug|Any CPU.ActiveCfg = Debug|Any CPU
		{44602520-EE3F-4470-A452-D2821BD3F5D2}.Debug|Any CPU.Build.0 = Debug|Any CPU
		{44602520-EE3F-4470-A452-D2821BD3F5D2}.Release|Any CPU.ActiveCfg = Release|Any CPU
		{44602520-EE3F-4470-A452-D2821BD3F5D2}.Release|Any CPU.Build.0 = Release|Any CPU
		{816C087A-16E0-40FE-97D6-4AAD151841B4}.Debug|Any CPU.ActiveCfg = Debug|Any CPU
		{816C087A-16E0-40FE-97D6-4AAD151841B4}.Debug|Any CPU.Build.0 = Debug|Any CPU
		{816C087A-16E0-40FE-97D6-4AAD151841B4}.Release|Any CPU.ActiveCfg = Release|Any CPU
		{816C087A-16E0-40FE-97D6-4AAD151841B4}.Release|Any CPU.Build.0 = Release|Any CPU
		{6EE1E727-5A7A-41F5-8650-F1A93D83927F}.Debug|Any CPU.ActiveCfg = Debug|Any CPU
		{6EE1E727-5A7A-41F5-8650-F1A93D83927F}.Debug|Any CPU.Build.0 = Debug|Any CPU
		{6EE1E727-5A7A-41F5-8650-F1A93D83927F}.Release|Any CPU.ActiveCfg = Release|Any CPU
		{6EE1E727-5A7A-41F5-8650-F1A93D83927F}.Release|Any CPU.Build.0 = Release|Any CPU
	EndGlobalSection
	GlobalSection(SolutionProperties) = preSolution
		HideSolutionNode = FALSE
	EndGlobalSection
	GlobalSection(ExtensibilityGlobals) = postSolution
		SolutionGuid = {EE19110A-3B70-45DA-B730-84C5649C2CB1}
	EndGlobalSection
EndGlobal
